
Microsoft Visual Studio Solution File, Format Version 12.00
# Visual Studio Version 16
VisualStudioVersion = 16.0.29926.136
MinimumVisualStudioVersion = 10.0.40219.1
Project("{9A19103F-16F7-4668-BE54-9A1E7A4F7556}") = "ThirdLargest", "ThirdLargest\ThirdLargest.csproj", "{E0E5B75C-11B6-4E3E-B11D-96A89BD285A5}"
EndProject
Project("{FAE04EC0-301F-11D3-BF4B-00C04F79EFBC}") = "FindBiggestDifference", "FindBiggestDifference\FindBiggestDifference.csproj", "{70C3C884-65B2-480D-9C09-F60999D5F330}"
EndProject
Global
	GlobalSection(SolutionConfigurationPlatforms) = preSolution
		Debug|Any CPU = Debug|Any CPU
		Release|Any CPU = Release|Any CPU
	EndGlobalSection
	GlobalSection(ProjectConfigurationPlatforms) = postSolution
		{E0E5B75C-11B6-4E3E-B11D-96A89BD285A5}.Debug|Any CPU.ActiveCfg = Debug|Any CPU
		{E0E5B75C-11B6-4E3E-B11D-96A89BD285A5}.Debug|Any CPU.Build.0 = Debug|Any CPU
		{E0E5B75C-11B6-4E3E-B11D-96A89BD285A5}.Release|Any CPU.ActiveCfg = Release|Any CPU
		{E0E5B75C-11B6-4E3E-B11D-96A89BD285A5}.Release|Any CPU.Build.0 = Release|Any CPU
		{70C3C884-65B2-480D-9C09-F60999D5F330}.Debug|Any CPU.ActiveCfg = Debug|Any CPU
		{70C3C884-65B2-480D-9C09-F60999D5F330}.Debug|Any CPU.Build.0 = Debug|Any CPU
		{70C3C884-65B2-480D-9C09-F60999D5F330}.Release|Any CPU.ActiveCfg = Release|Any CPU
		{70C3C884-65B2-480D-9C09-F60999D5F330}.Release|Any CPU.Build.0 = Release|Any CPU
	EndGlobalSection
	GlobalSection(SolutionProperties) = preSolution
		HideSolutionNode = FALSE
	EndGlobalSection
	GlobalSection(ExtensibilityGlobals) = postSolution
		SolutionGuid = {408F0B04-0010-4C08-94B4-FDF91EC3C907}
	EndGlobalSection
EndGlobal
